
Microsoft Visual Studio Solution File, Format Version 12.00
# Visual Studio 14
VisualStudioVersion = 14.0.25123.0
MinimumVisualStudioVersion = 10.0.40219.1
Project("{2150E333-8FDC-42A3-9474-1A3956D46DE8}") = "Cms", "Cms", "{1C85474E-EAFE-4C00-B71F-0A77B3B26306}"
EndProject
Project("{2150E333-8FDC-42A3-9474-1A3956D46DE8}") = "Core", "Core", "{E2DFB5AB-A235-484B-99F1-5301E5A30ACD}"
EndProject
Project("{FAE04EC0-301F-11D3-BF4B-00C04F79EFBC}") = "Cms.BLL", "Cms.BLL\Cms.BLL.csproj", "{291C07C4-6A72-48EE-9628-448791F8736F}"
EndProject
Project("{FAE04EC0-301F-11D3-BF4B-00C04F79EFBC}") = "Cms.Contract", "Cms.Contract\Cms.Contract.csproj", "{DD8A1073-0E4E-4873-A7B0-104F0502E582}"
EndProject
Project("{FAE04EC0-301F-11D3-BF4B-00C04F79EFBC}") = "Cms.WebPage", "Cms.WebPage\Cms.WebPage.csproj", "{1C6C7621-E71E-4ABC-9D55-1485D3D6DF5F}"
EndProject
Project("{FAE04EC0-301F-11D3-BF4B-00C04F79EFBC}") = "Core.Cache", "Core.Cache\Core.Cache.csproj", "{B8367C5C-B31F-4248-9EE4-9AFF8692DC5F}"
EndProject
Project("{FAE04EC0-301F-11D3-BF4B-00C04F79EFBC}") = "Core.DAL", "Core.DAL\Core.DAL.csproj", "{AEC754AD-3AFF-403A-A5F4-287105B838B7}"
EndProject
Project("{FAE04EC0-301F-11D3-BF4B-00C04F79EFBC}") = "Core.Utility", "Core.Utility\Core.Utility.csproj", "{B80BD478-4D79-4661-A2E3-71EF0DC72544}"
EndProject
Project("{2150E333-8FDC-42A3-9474-1A3956D46DE8}") = "Gygl", "Gygl", "{D5894FD2-DFB6-4678-9E59-21B8A24A90BB}"
EndProject
Project("{FAE04EC0-301F-11D3-BF4B-00C04F79EFBC}") = "Gygl.BLL", "Gygl.BLL\Gygl.BLL.csproj", "{1572EB37-06AA-442E-81F6-49EFE6DB7497}"
EndProject
Project("{FAE04EC0-301F-11D3-BF4B-00C04F79EFBC}") = "Gygl.Contract", "Gygl.Contract\Gygl.Contract.csproj", "{FB74DDE3-EE02-4784-976F-67A841E587DF}"
EndProject
Project("{FAE04EC0-301F-11D3-BF4B-00C04F79EFBC}") = "Gygl.WebPage", "Gygl.WebPage\Gygl.WebPage.csproj", "{A14D0EF5-D75C-404A-B225-7DF7DBEE9556}"
EndProject
Global
	GlobalSection(SolutionConfigurationPlatforms) = preSolution
		Debug|Any CPU = Debug|Any CPU
		Release|Any CPU = Release|Any CPU
	EndGlobalSection
	GlobalSection(ProjectConfigurationPlatforms) = postSolution
		{291C07C4-6A72-48EE-9628-448791F8736F}.Debug|Any CPU.ActiveCfg = Debug|Any CPU
		{291C07C4-6A72-48EE-9628-448791F8736F}.Debug|Any CPU.Build.0 = Debug|Any CPU
		{291C07C4-6A72-48EE-9628-448791F8736F}.Release|Any CPU.ActiveCfg = Release|Any CPU
		{291C07C4-6A72-48EE-9628-448791F8736F}.Release|Any CPU.Build.0 = Release|Any CPU
		{DD8A1073-0E4E-4873-A7B0-104F0502E582}.Debug|Any CPU.ActiveCfg = Debug|Any CPU
		{DD8A1073-0E4E-4873-A7B0-104F0502E582}.Debug|Any CPU.Build.0 = Debug|Any CPU
		{DD8A1073-0E4E-4873-A7B0-104F0502E582}.Release|Any CPU.ActiveCfg = Release|Any CPU
		{DD8A1073-0E4E-4873-A7B0-104F0502E582}.Release|Any CPU.Build.0 = Release|Any CPU
		{1C6C7621-E71E-4ABC-9D55-1485D3D6DF5F}.Debug|Any CPU.ActiveCfg = Debug|Any CPU
		{1C6C7621-E71E-4ABC-9D55-1485D3D6DF5F}.Debug|Any CPU.Build.0 = Debug|Any CPU
		{1C6C7621-E71E-4ABC-9D55-1485D3D6DF5F}.Release|Any CPU.ActiveCfg = Release|Any CPU
		{1C6C7621-E71E-4ABC-9D55-1485D3D6DF5F}.Release|Any CPU.Build.0 = Release|Any CPU
		{B8367C5C-B31F-4248-9EE4-9AFF8692DC5F}.Debug|Any CPU.ActiveCfg = Debug|Any CPU
		{B8367C5C-B31F-4248-9EE4-9AFF8692DC5F}.Debug|Any CPU.Build.0 = Debug|Any CPU
		{B8367C5C-B31F-4248-9EE4-9AFF8692DC5F}.Release|Any CPU.ActiveCfg = Release|Any CPU
		{B8367C5C-B31F-4248-9EE4-9AFF8692DC5F}.Release|Any CPU.Build.0 = Release|Any CPU
		{AEC754AD-3AFF-403A-A5F4-287105B838B7}.Debug|Any CPU.ActiveCfg = Debug|Any CPU
		{AEC754AD-3AFF-403A-A5F4-287105B838B7}.Debug|Any CPU.Build.0 = Debug|Any CPU
		{AEC754AD-3AFF-403A-A5F4-287105B838B7}.Release|Any CPU.ActiveCfg = Release|Any CPU
		{AEC754AD-3AFF-403A-A5F4-287105B838B7}.Release|Any CPU.Build.0 = Release|Any CPU
		{B80BD478-4D79-4661-A2E3-71EF0DC72544}.Debug|Any CPU.ActiveCfg = Debug|Any CPU
		{B80BD478-4D79-4661-A2E3-71EF0DC72544}.Debug|Any CPU.Build.0 = Debug|Any CPU
		{B80BD478-4D79-4661-A2E3-71EF0DC72544}.Release|Any CPU.ActiveCfg = Release|Any CPU
		{B80BD478-4D79-4661-A2E3-71EF0DC72544}.Release|Any CPU.Build.0 = Release|Any CPU
		{1572EB37-06AA-442E-81F6-49EFE6DB7497}.Debug|Any CPU.ActiveCfg = Debug|Any CPU
		{1572EB37-06AA-442E-81F6-49EFE6DB7497}.Debug|Any CPU.Build.0 = Debug|Any CPU
		{1572EB37-06AA-442E-81F6-49EFE6DB7497}.Release|Any CPU.ActiveCfg = Release|Any CPU
		{1572EB37-06AA-442E-81F6-49EFE6DB7497}.Release|Any CPU.Build.0 = Release|Any CPU
		{FB74DDE3-EE02-4784-976F-67A841E587DF}.Debug|Any CPU.ActiveCfg = Debug|Any CPU
		{FB74DDE3-EE02-4784-976F-67A841E587DF}.Debug|Any CPU.Build.0 = Debug|Any CPU
		{FB74DDE3-EE02-4784-976F-67A841E587DF}.Release|Any CPU.ActiveCfg = Release|Any CPU
		{FB74DDE3-EE02-4784-976F-67A841E587DF}.Release|Any CPU.Build.0 = Release|Any CPU
		{A14D0EF5-D75C-404A-B225-7DF7DBEE9556}.Debug|Any CPU.ActiveCfg = Debug|Any CPU
		{A14D0EF5-D75C-404A-B225-7DF7DBEE9556}.Debug|Any CPU.Build.0 = Debug|Any CPU
		{A14D0EF5-D75C-404A-B225-7DF7DBEE9556}.Release|Any CPU.ActiveCfg = Release|Any CPU
		{A14D0EF5-D75C-404A-B225-7DF7DBEE9556}.Release|Any CPU.Build.0 = Release|Any CPU
	EndGlobalSection
	GlobalSection(SolutionProperties) = preSolution
		HideSolutionNode = FALSE
	EndGlobalSection
	GlobalSection(NestedProjects) = preSolution
		{291C07C4-6A72-48EE-9628-448791F8736F} = {1C85474E-EAFE-4C00-B71F-0A77B3B26306}
		{DD8A1073-0E4E-4873-A7B0-104F0502E582} = {1C85474E-EAFE-4C00-B71F-0A77B3B26306}
		{1C6C7621-E71E-4ABC-9D55-1485D3D6DF5F} = {1C85474E-EAFE-4C00-B71F-0A77B3B26306}
		{B8367C5C-B31F-4248-9EE4-9AFF8692DC5F} = {E2DFB5AB-A235-484B-99F1-5301E5A30ACD}
		{AEC754AD-3AFF-403A-A5F4-287105B838B7} = {E2DFB5AB-A235-484B-99F1-5301E5A30ACD}
		{B80BD478-4D79-4661-A2E3-71EF0DC72544} = {E2DFB5AB-A235-484B-99F1-5301E5A30ACD}
		{1572EB37-06AA-442E-81F6-49EFE6DB7497} = {D5894FD2-DFB6-4678-9E59-21B8A24A90BB}
		{FB74DDE3-EE02-4784-976F-67A841E587DF} = {D5894FD2-DFB6-4678-9E59-21B8A24A90BB}
		{A14D0EF5-D75C-404A-B225-7DF7DBEE9556} = {D5894FD2-DFB6-4678-9E59-21B8A24A90BB}
	EndGlobalSection
EndGlobal
